
Microsoft Visual Studio Solution File, Format Version 12.00
# Visual Studio Version 17
VisualStudioVersion = 17.9.34622.214
MinimumVisualStudioVersion = 10.0.40219.1
Project("{9A19103F-16F7-4668-BE54-9A1E7A4F7556}") = "TimingSystem.DAL", "TimingSystem.DAL\TimingSystem.DAL.csproj", "{D1678416-862E-4BCD-A359-7626D9785A20}"
EndProject
Project("{9A19103F-16F7-4668-BE54-9A1E7A4F7556}") = "TimingSystem.Domain", "TimingSystem.Domain\TimingSystem.Domain.csproj", "{22802C16-C70B-48D4-B84E-56B4872D192F}"
EndProject
Project("{9A19103F-16F7-4668-BE54-9A1E7A4F7556}") = "TimingSystem.Service", "TimingSystem.Service\TimingSystem.Service.csproj", "{3D9BBA5B-CCD4-48DD-8874-9AC6EE219805}"
EndProject
Project("{9A19103F-16F7-4668-BE54-9A1E7A4F7556}") = "TimingSystem.Api", "TimingSystem.Api\TimingSystem.Api.csproj", "{B2D833C7-9E7F-4AC3-9CD1-CD1A620F0BCF}"
EndProject
Project("{FAE04EC0-301F-11D3-BF4B-00C04F79EFBC}") = "TimingSystem.Tests", "TimingSystem.Tests\TimingSystem.Tests.csproj", "{89B3501E-8B5D-4BDE-9931-E567104AD84C}"
EndProject
Global
	GlobalSection(SolutionConfigurationPlatforms) = preSolution
		Debug|Any CPU = Debug|Any CPU
		Release|Any CPU = Release|Any CPU
	EndGlobalSection
	GlobalSection(ProjectConfigurationPlatforms) = postSolution
		{D1678416-862E-4BCD-A359-7626D9785A20}.Debug|Any CPU.ActiveCfg = Debug|Any CPU
		{D1678416-862E-4BCD-A359-7626D9785A20}.Debug|Any CPU.Build.0 = Debug|Any CPU
		{D1678416-862E-4BCD-A359-7626D9785A20}.Release|Any CPU.ActiveCfg = Release|Any CPU
		{D1678416-862E-4BCD-A359-7626D9785A20}.Release|Any CPU.Build.0 = Release|Any CPU
		{22802C16-C70B-48D4-B84E-56B4872D192F}.Debug|Any CPU.ActiveCfg = Debug|Any CPU
		{22802C16-C70B-48D4-B84E-56B4872D192F}.Debug|Any CPU.Build.0 = Debug|Any CPU
		{22802C16-C70B-48D4-B84E-56B4872D192F}.Release|Any CPU.ActiveCfg = Release|Any CPU
		{22802C16-C70B-48D4-B84E-56B4872D192F}.Release|Any CPU.Build.0 = Release|Any CPU
		{3D9BBA5B-CCD4-48DD-8874-9AC6EE219805}.Debug|Any CPU.ActiveCfg = Debug|Any CPU
		{3D9BBA5B-CCD4-48DD-8874-9AC6EE219805}.Debug|Any CPU.Build.0 = Debug|Any CPU
		{3D9BBA5B-CCD4-48DD-8874-9AC6EE219805}.Release|Any CPU.ActiveCfg = Release|Any CPU
		{3D9BBA5B-CCD4-48DD-8874-9AC6EE219805}.Release|Any CPU.Build.0 = Release|Any CPU
		{B2D833C7-9E7F-4AC3-9CD1-CD1A620F0BCF}.Debug|Any CPU.ActiveCfg = Debug|Any CPU
		{B2D833C7-9E7F-4AC3-9CD1-CD1A620F0BCF}.Debug|Any CPU.Build.0 = Debug|Any CPU
		{B2D833C7-9E7F-4AC3-9CD1-CD1A620F0BCF}.Release|Any CPU.ActiveCfg = Release|Any CPU
		{B2D833C7-9E7F-4AC3-9CD1-CD1A620F0BCF}.Release|Any CPU.Build.0 = Release|Any CPU
		{89B3501E-8B5D-4BDE-9931-E567104AD84C}.Debug|Any CPU.ActiveCfg = Debug|Any CPU
		{89B3501E-8B5D-4BDE-9931-E567104AD84C}.Debug|Any CPU.Build.0 = Debug|Any CPU
		{89B3501E-8B5D-4BDE-9931-E567104AD84C}.Release|Any CPU.ActiveCfg = Release|Any CPU
		{89B3501E-8B5D-4BDE-9931-E567104AD84C}.Release|Any CPU.Build.0 = Release|Any CPU
	EndGlobalSection
	GlobalSection(SolutionProperties) = preSolution
		HideSolutionNode = FALSE
	EndGlobalSection
	GlobalSection(ExtensibilityGlobals) = postSolution
		SolutionGuid = {244173B4-2E52-4476-B853-EC686014F741}
	EndGlobalSection
EndGlobal
